
Microsoft Visual Studio Solution File, Format Version 12.00
# Visual Studio 15
VisualStudioVersion = 15.0.27130.2010
MinimumVisualStudioVersion = 10.0.40219.1
Project("{FAE04EC0-301F-11D3-BF4B-00C04F79EFBC}") = "Clothing", "Clothing\Clothing.csproj", "{271C359D-6D19-461D-A756-1F4CD7EB4932}"
EndProject
Global
	GlobalSection(SolutionConfigurationPlatforms) = preSolution
		Debug|Any CPU = Debug|Any CPU
		Release|Any CPU = Release|Any CPU
	EndGlobalSection
	GlobalSection(ProjectConfigurationPlatforms) = postSolution
		{271C359D-6D19-461D-A756-1F4CD7EB4932}.Debug|Any CPU.ActiveCfg = Debug|Any CPU
		{271C359D-6D19-461D-A756-1F4CD7EB4932}.Debug|Any CPU.Build.0 = Debug|Any CPU
		{271C359D-6D19-461D-A756-1F4CD7EB4932}.Release|Any CPU.ActiveCfg = Release|Any CPU
		{271C359D-6D19-461D-A756-1F4CD7EB4932}.Release|Any CPU.Build.0 = Release|Any CPU
	EndGlobalSection
	GlobalSection(SolutionProperties) = preSolution
		HideSolutionNode = FALSE
	EndGlobalSection
	GlobalSection(ExtensibilityGlobals) = postSolution
		SolutionGuid = {5FD4A95D-4A30-4946-B0FE-45ED1BF337E5}
	EndGlobalSection
EndGlobal
